<?xml version="1.0" encoding="utf-8"?>
<Project ToolsVersion="4.0" xmlns="http://schemas.microsoft.com/developer/msbuild/2003">
  <ItemGroup>
    <Filter Include="Source Files">
      <UniqueIdentifier>{4FC737F1-C7A5-4376-A066-2A32D752A2FF}</UniqueIdentifier>
      <Extensions>cpp;c;cc;cxx;def;odl;idl;hpj;bat;asm;asmx</Extensions>
    </Filter>
    <Filter Include="Header Files">
      <UniqueIdentifier>{93995380-89BD-4b04-88EB-625FBE52EBFB}</UniqueIdentifier>
      <Extensions>h;hpp;hxx;hm;inl;inc;xsd</Extensions>
    </Filter>
    <Filter Include="Resource Files">
      <UniqueIdentifier>{67DA6AB6-F800-4c08-8B7A-83BB121AAD01}</UniqueIdentifier>
      <Extensions>rc;ico;cur;bmp;dlg;rc2;rct;bin;rgs;gif;jpg;jpeg;jpe;resx;tiff;tif;png;wav;mfcribbon-ms</Extensions>
    </Filter>
  </ItemGroup>
  <ItemGroup>
    <ClInclude Include="Math\gsVector2.h">
      <Filter>Header Files</Filter>
    </ClInclude>
    <ClInclude Include="Math\gsColor.h">
      <Filter>Header Files</Filter>
    </ClInclude>
    <ClInclude Include="System\gsGame.h">
      <Filter>Header Files</Filter>
    </ClInclude>
    <ClInclude Include="System\gsEngine.h">
      <Filter>Header Files</Filter>
    </ClInclude>
    <ClInclude Include="System\gsGameObject.h">
      <Filter>Header Files</Filter>
    </ClInclude>
    <ClInclude Include="Objects\gsTexture.h">
      <Filter>Header Files</Filter>
    </ClInclude>
    <ClInclude Include="Data\gsArrayList.h">
      <Filter>Header Files</Filter>
    </ClInclude>
    <ClInclude Include="Data\gsLinkedList.h">
      <Filter>Header Files</Filter>
    </ClInclude>
    <ClInclude Include="Data\gsHashmap.h">
      <Filter>Header Files</Filter>
    </ClInclude>
    <ClInclude Include="Data\gsArrayStack.h">
      <Filter>Header Files</Filter>
    </ClInclude>
    <ClInclude Include="Memory\gsMemory.h">
      <Filter>Header Files</Filter>
    </ClInclude>
    <ClInclude Include="Memory\gsPoolAllocator.h">
      <Filter>Header Files</Filter>
    </ClInclude>
    <ClInclude Include="gsConfig.h">
      <Filter>Header Files</Filter>
    </ClInclude>
    <ClInclude Include="Objects\gsGameObjectList.h">
      <Filter>Header Files</Filter>
    </ClInclude>
    <ClInclude Include="Objects\gsSpriteSheet.h">
      <Filter>Header Files</Filter>
    </ClInclude>
    <ClInclude Include="Objects\gsTransform.h">
      <Filter>Header Files</Filter>
    </ClInclude>
    <ClInclude Include="gsGondarEngine2.h">
      <Filter>Header Files</Filter>
    </ClInclude>
    <ClInclude Include="System\Subsystems\gsClock.h">
      <Filter>Header Files</Filter>
    </ClInclude>
    <ClInclude Include="System\Subsystems\gsRandom.h">
      <Filter>Header Files</Filter>
    </ClInclude>
    <ClInclude Include="System\Subsystems\gsLogger.h">
      <Filter>Header Files</Filter>
    </ClInclude>
    <ClInclude Include="System\Subsystems\Graphics\gsGraphics.h">
      <Filter>Header Files</Filter>
    </ClInclude>
    <ClInclude Include="System\Subsystems\Graphics\gsWindow.h">
      <Filter>Header Files</Filter>
    </ClInclude>
    <ClInclude Include="System\Subsystems\Collision\gsCollision.h">
      <Filter>Header Files</Filter>
    </ClInclude>
    <ClInclude Include="System\Subsystems\Audio\gsAudio.h">
      <Filter>Header Files</Filter>
    </ClInclude>
    <ClInclude Include="System\Subsystems\Content\gsContent.h">
      <Filter>Header Files</Filter>
    </ClInclude>
    <ClInclude Include="Math\gsTextureCoordinates.h">
      <Filter>Header Files</Filter>
    </ClInclude>
    <ClInclude Include="gsMacros.h">
      <Filter>Header Files</Filter>
    </ClInclude>
    <ClInclude Include="System\Subsystems\gsOpenGL.h">
      <Filter>Header Files</Filter>
    </ClInclude>
    <ClInclude Include="System\Subsystems\Event\gsEvent.h">
      <Filter>Header Files</Filter>
    </ClInclude>
  </ItemGroup>
  <ItemGroup>
    <ClCompile Include="System\gsEngine.cpp">
      <Filter>Source Files</Filter>
    </ClCompile>
    <ClCompile Include="System\Subsystems\Audio\gsAudio.cpp">
      <Filter>Source Files</Filter>
    </ClCompile>
    <ClCompile Include="Math\gsColor.cpp">
      <Filter>Source Files</Filter>
    </ClCompile>
    <ClCompile Include="Math\gsVector2.cpp">
      <Filter>Source Files</Filter>
    </ClCompile>
    <ClCompile Include="System\Subsystems\Collision\gsCollision.cpp">
      <Filter>Source Files</Filter>
    </ClCompile>
    <ClCompile Include="System\Subsystems\Content\gsContent.cpp">
      <Filter>Source Files</Filter>
    </ClCompile>
    <ClCompile Include="System\Subsystems\Graphics\gsWindow.cpp">
      <Filter>Source Files</Filter>
    </ClCompile>
    <ClCompile Include="System\Subsystems\Graphics\gsGraphics.cpp">
      <Filter>Source Files</Filter>
    </ClCompile>
    <ClCompile Include="System\Subsystems\gsClock.cpp">
      <Filter>Source Files</Filter>
    </ClCompile>
    <ClCompile Include="System\Subsystems\gsLogger.cpp">
      <Filter>Source Files</Filter>
    </ClCompile>
    <ClCompile Include="System\Subsystems\gsRandom.cpp">
      <Filter>Source Files</Filter>
    </ClCompile>
    <ClCompile Include="System\Subsystems\Event\gsEvent.cpp">
      <Filter>Source Files</Filter>
    </ClCompile>
    <ClCompile Include="Math\gsTextureCoordinates.cpp">
      <Filter>Source Files</Filter>
    </ClCompile>
    <ClCompile Include="Objects\gsTexture.cpp">
      <Filter>Source Files</Filter>
    </ClCompile>
  </ItemGroup>
</Project>